// !$*UTF8*$!
{
	archiveVersion = 1;
	classes = {
	};
	objectVersion = 77;
	objects = {

/* Begin PBXBuildFile section */
		0D9D870A2E35386D003590FA /* HabitTrackerFeature in Frameworks */ = {isa = PBXBuildFile; productRef = 8B41F6842DEDD25C001A66F9 /* HabitTrackerFeature */; };
		0D9D870B2E35386D003590FA /* HabitTrackerFeature in Frameworks */ = {isa = PBXBuildFile; productRef = 8B41F6822DEDD23B001A66F9 /* HabitTrackerFeature */; };
		0D9D87202E353C8E003590FA /* HabitTrackerFeature in Frameworks */ = {isa = PBXBuildFile; productRef = 0D9D871F2E353C8E003590FA /* HabitTrackerFeature */; };
		0D9D87562E366204003590FA /* HabitTrackerWatch Watch App.app in Embed Watch Content */ = {isa = PBXBuildFile; fileRef = 0D9D87362E366204003590FA /* HabitTrackerWatch Watch App.app */; settings = {ATTRIBUTES = (RemoveHeadersOnCopy, ); }; };
/* End PBXBuildFile section */

/* Begin PBXContainerItemProxy section */
		0D9D87432E366204003590FA /* PBXContainerItemProxy */ = {
			isa = PBXContainerItemProxy;
			containerPortal = 8B41F63D2DEDD0D5001A66F9 /* Project object */;
			proxyType = 1;
			remoteGlobalIDString = 0D9D87352E366204003590FA;
			remoteInfo = "HabitTrackerWatch Watch App";
		};
		0D9D874D2E366204003590FA /* PBXContainerItemProxy */ = {
			isa = PBXContainerItemProxy;
			containerPortal = 8B41F63D2DEDD0D5001A66F9 /* Project object */;
			proxyType = 1;
			remoteGlobalIDString = 0D9D87352E366204003590FA;
			remoteInfo = "HabitTrackerWatch Watch App";
		};
		0D9D87542E366204003590FA /* PBXContainerItemProxy */ = {
			isa = PBXContainerItemProxy;
			containerPortal = 8B41F63D2DEDD0D5001A66F9 /* Project object */;
			proxyType = 1;
			remoteGlobalIDString = 0D9D87352E366204003590FA;
			remoteInfo = "HabitTrackerWatch Watch App";
		};
		8B41F65D2DEDD0D6001A66F9 /* PBXContainerItemProxy */ = {
			isa = PBXContainerItemProxy;
			containerPortal = 8B41F63D2DEDD0D5001A66F9 /* Project object */;
			proxyType = 1;
			remoteGlobalIDString = 8B41F6442DEDD0D5001A66F9;
			remoteInfo = HabitTracker;
		};
/* End PBXContainerItemProxy section */

/* Begin PBXCopyFilesBuildPhase section */
		0D9D87572E366204003590FA /* Embed Watch Content */ = {
			isa = PBXCopyFilesBuildPhase;
			buildActionMask = 2147483647;
			dstPath = "$(CONTENTS_FOLDER_PATH)/Watch";
			dstSubfolderSpec = 16;
			files = (
				0D9D87562E366204003590FA /* HabitTrackerWatch Watch App.app in Embed Watch Content */,
			);
			name = "Embed Watch Content";
			runOnlyForDeploymentPostprocessing = 0;
		};
/* End PBXCopyFilesBuildPhase section */

/* Begin PBXFileReference section */
		0D9D87362E366204003590FA /* HabitTrackerWatch Watch App.app */ = {isa = PBXFileReference; explicitFileType = wrapper.application; includeInIndex = 0; path = "HabitTrackerWatch Watch App.app"; sourceTree = BUILT_PRODUCTS_DIR; };
		0D9D87422E366204003590FA /* HabitTrackerWatch Watch AppTests.xctest */ = {isa = PBXFileReference; explicitFileType = wrapper.cfbundle; includeInIndex = 0; path = "HabitTrackerWatch Watch AppTests.xctest"; sourceTree = BUILT_PRODUCTS_DIR; };
		0D9D874C2E366204003590FA /* HabitTrackerWatch Watch AppUITests.xctest */ = {isa = PBXFileReference; explicitFileType = wrapper.cfbundle; includeInIndex = 0; path = "HabitTrackerWatch Watch AppUITests.xctest"; sourceTree = BUILT_PRODUCTS_DIR; };
		8B41F6452DEDD0D5001A66F9 /* HabitTracker.app */ = {isa = PBXFileReference; explicitFileType = wrapper.application; includeInIndex = 0; path = HabitTracker.app; sourceTree = BUILT_PRODUCTS_DIR; };
		8B41F65C2DEDD0D6001A66F9 /* HabitTracker.xctest */ = {isa = PBXFileReference; explicitFileType = wrapper.cfbundle; includeInIndex = 0; path = HabitTracker.xctest; sourceTree = BUILT_PRODUCTS_DIR; };
/* End PBXFileReference section */

/* Begin PBXFileSystemSynchronizedBuildFileExceptionSet section */
		8BD71C0A2DEE41E000CEDD92 /* Exceptions for "Config" folder in "HabitTracker" target */ = {
			isa = PBXFileSystemSynchronizedBuildFileExceptionSet;
			membershipExceptions = (
				Debug.xcconfig,
				Release.xcconfig,
				Shared.xcconfig,
				Tests.xcconfig,
			);
			target = 8B41F6442DEDD0D5001A66F9 /* HabitTracker */;
		};
/* End PBXFileSystemSynchronizedBuildFileExceptionSet section */

/* Begin PBXFileSystemSynchronizedRootGroup section */
		0D9D87372E366204003590FA /* HabitTrackerWatch Watch App */ = {
			isa = PBXFileSystemSynchronizedRootGroup;
			path = "HabitTrackerWatch Watch App";
			sourceTree = "<group>";
		};
		0D9D87452E366204003590FA /* HabitTrackerWatch Watch AppTests */ = {
			isa = PBXFileSystemSynchronizedRootGroup;
			path = "HabitTrackerWatch Watch AppTests";
			sourceTree = "<group>";
		};
		0D9D874F2E366204003590FA /* HabitTrackerWatch Watch AppUITests */ = {
			isa = PBXFileSystemSynchronizedRootGroup;
			path = "HabitTrackerWatch Watch AppUITests";
			sourceTree = "<group>";
		};
		8B41F6472DEDD0D5001A66F9 /* HabitTracker */ = {
			isa = PBXFileSystemSynchronizedRootGroup;
			path = HabitTracker;
			sourceTree = "<group>";
		};
		8B41F65F2DEDD0D6001A66F9 /* HabitTrackerUITests */ = {
			isa = PBXFileSystemSynchronizedRootGroup;
			path = HabitTrackerUITests;
			sourceTree = "<group>";
		};
		8BD71C052DEE41D800CEDD92 /* Config */ = {
			isa = PBXFileSystemSynchronizedRootGroup;
			exceptions = (
				8BD71C0A2DEE41E000CEDD92 /* Exceptions for "Config" folder in "HabitTracker" target */,
			);
			path = Config;
			sourceTree = "<group>";
		};
/* End PBXFileSystemSynchronizedRootGroup section */

/* Begin PBXFrameworksBuildPhase section */
		0D9D87332E366204003590FA /* Frameworks */ = {
			isa = PBXFrameworksBuildPhase;
			buildActionMask = 2147483647;
			files = (
			);
			runOnlyForDeploymentPostprocessing = 0;
		};
		0D9D873F2E366204003590FA /* Frameworks */ = {
			isa = PBXFrameworksBuildPhase;
			buildActionMask = 2147483647;
			files = (
			);
			runOnlyForDeploymentPostprocessing = 0;
		};
		0D9D87492E366204003590FA /* Frameworks */ = {
			isa = PBXFrameworksBuildPhase;
			buildActionMask = 2147483647;
			files = (
			);
			runOnlyForDeploymentPostprocessing = 0;
		};
		8B41F6422DEDD0D5001A66F9 /* Frameworks */ = {
			isa = PBXFrameworksBuildPhase;
			buildActionMask = 2147483647;
			files = (
				0D9D870A2E35386D003590FA /* HabitTrackerFeature in Frameworks */,
				0D9D87202E353C8E003590FA /* HabitTrackerFeature in Frameworks */,
			);
			runOnlyForDeploymentPostprocessing = 0;
		};
		8B41F6592DEDD0D6001A66F9 /* Frameworks */ = {
			isa = PBXFrameworksBuildPhase;
			buildActionMask = 2147483647;
			files = (
				0D9D870B2E35386D003590FA /* HabitTrackerFeature in Frameworks */,
			);
			runOnlyForDeploymentPostprocessing = 0;
		};
/* End PBXFrameworksBuildPhase section */

/* Begin PBXGroup section */
		8B41F63C2DEDD0D5001A66F9 = {
			isa = PBXGroup;
			children = (
				8BD71C052DEE41D800CEDD92 /* Config */,
				8B41F6472DEDD0D5001A66F9 /* HabitTracker */,
				8B41F65F2DEDD0D6001A66F9 /* HabitTrackerUITests */,
				0D9D87372E366204003590FA /* HabitTrackerWatch Watch App */,
				0D9D87452E366204003590FA /* HabitTrackerWatch Watch AppTests */,
				0D9D874F2E366204003590FA /* HabitTrackerWatch Watch AppUITests */,
				8B41F6812DEDD23B001A66F9 /* Frameworks */,
				8B41F6462DEDD0D5001A66F9 /* Products */,
			);
			sourceTree = "<group>";
		};
		8B41F6462DEDD0D5001A66F9 /* Products */ = {
			isa = PBXGroup;
			children = (
				8B41F6452DEDD0D5001A66F9 /* HabitTracker.app */,
				8B41F65C2DEDD0D6001A66F9 /* HabitTracker.xctest */,
				0D9D87362E366204003590FA /* HabitTrackerWatch Watch App.app */,
				0D9D87422E366204003590FA /* HabitTrackerWatch Watch AppTests.xctest */,
				0D9D874C2E366204003590FA /* HabitTrackerWatch Watch AppUITests.xctest */,
			);
			name = Products;
			sourceTree = "<group>";
		};
		8B41F6812DEDD23B001A66F9 /* Frameworks */ = {
			isa = PBXGroup;
			children = (
			);
			name = Frameworks;
			sourceTree = "<group>";
		};
/* End PBXGroup section */

/* Begin PBXNativeTarget section */
		0D9D87352E366204003590FA /* HabitTrackerWatch Watch App */ = {
			isa = PBXNativeTarget;
			buildConfigurationList = 0D9D875E2E366204003590FA /* Build configuration list for PBXNativeTarget "HabitTrackerWatch Watch App" */;
			buildPhases = (
				0D9D87322E366204003590FA /* Sources */,
				0D9D87332E366204003590FA /* Frameworks */,
				0D9D87342E366204003590FA /* Resources */,
			);
			buildRules = (
			);
			dependencies = (
			);
			fileSystemSynchronizedGroups = (
				0D9D87372E366204003590FA /* HabitTrackerWatch Watch App */,
			);
			name = "HabitTrackerWatch Watch App";
			packageProductDependencies = (
			);
			productName = "HabitTrackerWatch Watch App";
			productReference = 0D9D87362E366204003590FA /* HabitTrackerWatch Watch App.app */;
			productType = "com.apple.product-type.application";
		};
		0D9D87412E366204003590FA /* HabitTrackerWatch Watch AppTests */ = {
			isa = PBXNativeTarget;
			buildConfigurationList = 0D9D875F2E366204003590FA /* Build configuration list for PBXNativeTarget "HabitTrackerWatch Watch AppTests" */;
			buildPhases = (
				0D9D873E2E366204003590FA /* Sources */,
				0D9D873F2E366204003590FA /* Frameworks */,
				0D9D87402E366204003590FA /* Resources */,
			);
			buildRules = (
			);
			dependencies = (
				0D9D87442E366204003590FA /* PBXTargetDependency */,
			);
			fileSystemSynchronizedGroups = (
				0D9D87452E366204003590FA /* HabitTrackerWatch Watch AppTests */,
			);
			name = "HabitTrackerWatch Watch AppTests";
			packageProductDependencies = (
			);
			productName = "HabitTrackerWatch Watch AppTests";
			productReference = 0D9D87422E366204003590FA /* HabitTrackerWatch Watch AppTests.xctest */;
			productType = "com.apple.product-type.bundle.unit-test";
		};
		0D9D874B2E366204003590FA /* HabitTrackerWatch Watch AppUITests */ = {
			isa = PBXNativeTarget;
			buildConfigurationList = 0D9D87602E366204003590FA /* Build configuration list for PBXNativeTarget "HabitTrackerWatch Watch AppUITests" */;
			buildPhases = (
				0D9D87482E366204003590FA /* Sources */,
				0D9D87492E366204003590FA /* Frameworks */,
				0D9D874A2E366204003590FA /* Resources */,
			);
			buildRules = (
			);
			dependencies = (
				0D9D874E2E366204003590FA /* PBXTargetDependency */,
			);
			fileSystemSynchronizedGroups = (
				0D9D874F2E366204003590FA /* HabitTrackerWatch Watch AppUITests */,
			);
			name = "HabitTrackerWatch Watch AppUITests";
			packageProductDependencies = (
			);
			productName = "HabitTrackerWatch Watch AppUITests";
			productReference = 0D9D874C2E366204003590FA /* HabitTrackerWatch Watch AppUITests.xctest */;
			productType = "com.apple.product-type.bundle.ui-testing";
		};
		8B41F6442DEDD0D5001A66F9 /* HabitTracker */ = {
			isa = PBXNativeTarget;
			buildConfigurationList = 8B41F6662DEDD0D6001A66F9 /* Build configuration list for PBXNativeTarget "HabitTracker" */;
			buildPhases = (
				8BD71C0B2DEE42A100CEDD92 /* Auto-Increment Build Number */,
				8B41F6412DEDD0D5001A66F9 /* Sources */,
				8B41F6422DEDD0D5001A66F9 /* Frameworks */,
				8B41F6432DEDD0D5001A66F9 /* Resources */,
				0D9D87572E366204003590FA /* Embed Watch Content */,
			);
			buildRules = (
			);
			dependencies = (
				0D9D87552E366204003590FA /* PBXTargetDependency */,
			);
			fileSystemSynchronizedGroups = (
				8B41F6472DEDD0D5001A66F9 /* HabitTracker */,
				8BD71C052DEE41D800CEDD92 /* Config */,
			);
			name = HabitTracker;
			packageProductDependencies = (
				8B41F6842DEDD25C001A66F9 /* HabitTrackerFeature */,
				0D9D871F2E353C8E003590FA /* HabitTrackerFeature */,
			);
			productName = HabitTracker;
			productReference = 8B41F6452DEDD0D5001A66F9 /* HabitTracker.app */;
			productType = "com.apple.product-type.application";
		};
		8B41F65B2DEDD0D6001A66F9 /* HabitTrackerUITests */ = {
			isa = PBXNativeTarget;
			buildConfigurationList = 8B41F66C2DEDD0D6001A66F9 /* Build configuration list for PBXNativeTarget "HabitTrackerUITests" */;
			buildPhases = (
				8B41F6582DEDD0D6001A66F9 /* Sources */,
				8B41F6592DEDD0D6001A66F9 /* Frameworks */,
				8B41F65A2DEDD0D6001A66F9 /* Resources */,
			);
			buildRules = (
			);
			dependencies = (
				8B41F65E2DEDD0D6001A66F9 /* PBXTargetDependency */,
			);
			fileSystemSynchronizedGroups = (
				8B41F65F2DEDD0D6001A66F9 /* HabitTrackerUITests */,
			);
			name = HabitTrackerUITests;
			packageProductDependencies = (
				8B41F6822DEDD23B001A66F9 /* HabitTrackerFeature */,
			);
			productName = HabitTrackerUITests;
			productReference = 8B41F65C2DEDD0D6001A66F9 /* HabitTracker.xctest */;
			productType = "com.apple.product-type.bundle.ui-testing";
		};
/* End PBXNativeTarget section */

/* Begin PBXProject section */
		8B41F63D2DEDD0D5001A66F9 /* Project object */ = {
			isa = PBXProject;
			attributes = {
				BuildIndependentTargetsInParallel = 1;
				LastSwiftUpdateCheck = 1640;
				LastUpgradeCheck = 1630;
				TargetAttributes = {
					0D9D87352E366204003590FA = {
						CreatedOnToolsVersion = 16.4;
					};
					0D9D87412E366204003590FA = {
						CreatedOnToolsVersion = 16.4;
						TestTargetID = 0D9D87352E366204003590FA;
					};
					0D9D874B2E366204003590FA = {
						CreatedOnToolsVersion = 16.4;
						TestTargetID = 0D9D87352E366204003590FA;
					};
					8B41F6442DEDD0D5001A66F9 = {
						CreatedOnToolsVersion = 16.3;
					};
					8B41F65B2DEDD0D6001A66F9 = {
						CreatedOnToolsVersion = 16.3;
						TestTargetID = 8B41F6442DEDD0D5001A66F9;
					};
				};
			};
			buildConfigurationList = 8B41F6402DEDD0D5001A66F9 /* Build configuration list for PBXProject "HabitTracker" */;
			developmentRegion = en;
			hasScannedForEncodings = 0;
			knownRegions = (
				en,
				Base,
			);
			mainGroup = 8B41F63C2DEDD0D5001A66F9;
			minimizedProjectReferenceProxies = 1;
			packageReferences = (
				0D9D871E2E353C8E003590FA /* XCLocalSwiftPackageReference "HabitTrackerPackage" */,
			);
			preferredProjectObjectVersion = 77;
			productRefGroup = 8B41F6462DEDD0D5001A66F9 /* Products */;
			projectDirPath = "";
			projectRoot = "";
			targets = (
				8B41F6442DEDD0D5001A66F9 /* HabitTracker */,
				8B41F65B2DEDD0D6001A66F9 /* HabitTrackerUITests */,
				0D9D87352E366204003590FA /* HabitTrackerWatch Watch App */,
				0D9D87412E366204003590FA /* HabitTrackerWatch Watch AppTests */,
				0D9D874B2E366204003590FA /* HabitTrackerWatch Watch AppUITests */,
			);
		};
/* End PBXProject section */

/* Begin PBXResourcesBuildPhase section */
		0D9D87342E366204003590FA /* Resources */ = {
			isa = PBXResourcesBuildPhase;
			buildActionMask = 2147483647;
			files = (
			);
			runOnlyForDeploymentPostprocessing = 0;
		};
		0D9D87402E366204003590FA /* Resources */ = {
			isa = PBXResourcesBuildPhase;
			buildActionMask = 2147483647;
			files = (
			);
			runOnlyForDeploymentPostprocessing = 0;
		};
		0D9D874A2E366204003590FA /* Resources */ = {
			isa = PBXResourcesBuildPhase;
			buildActionMask = 2147483647;
			files = (
			);
			runOnlyForDeploymentPostprocessing = 0;
		};
		8B41F6432DEDD0D5001A66F9 /* Resources */ = {
			isa = PBXResourcesBuildPhase;
			buildActionMask = 2147483647;
			files = (
			);
			runOnlyForDeploymentPostprocessing = 0;
		};
		8B41F65A2DEDD0D6001A66F9 /* Resources */ = {
			isa = PBXResourcesBuildPhase;
			buildActionMask = 2147483647;
			files = (
			);
			runOnlyForDeploymentPostprocessing = 0;
		};
/* End PBXResourcesBuildPhase section */

/* Begin PBXShellScriptBuildPhase section */
		8BD71C0B2DEE42A100CEDD92 /* Auto-Increment Build Number */ = {
			isa = PBXShellScriptBuildPhase;
			alwaysOutOfDate = 1;
			buildActionMask = 2147483647;
			files = (
			);
			inputFileListPaths = (
			);
			inputPaths = (
			);
			name = "Auto-Increment Build Number";
			outputFileListPaths = (
			);
			outputPaths = (
			);
			runOnlyForDeploymentPostprocessing = 0;
			shellPath = /bin/bash;
			shellScript = "#!/bin/sh\nbuildNumber=$(xcrun agvtool next-version -all)\necho \"Incremented build number to $buildNumber\"\n";
		};
/* End PBXShellScriptBuildPhase section */

/* Begin PBXSourcesBuildPhase section */
		0D9D87322E366204003590FA /* Sources */ = {
			isa = PBXSourcesBuildPhase;
			buildActionMask = 2147483647;
			files = (
			);
			runOnlyForDeploymentPostprocessing = 0;
		};
		0D9D873E2E366204003590FA /* Sources */ = {
			isa = PBXSourcesBuildPhase;
			buildActionMask = 2147483647;
			files = (
			);
			runOnlyForDeploymentPostprocessing = 0;
		};
		0D9D87482E366204003590FA /* Sources */ = {
			isa = PBXSourcesBuildPhase;
			buildActionMask = 2147483647;
			files = (
			);
			runOnlyForDeploymentPostprocessing = 0;
		};
		8B41F6412DEDD0D5001A66F9 /* Sources */ = {
			isa = PBXSourcesBuildPhase;
			buildActionMask = 2147483647;
			files = (
			);
			runOnlyForDeploymentPostprocessing = 0;
		};
		8B41F6582DEDD0D6001A66F9 /* Sources */ = {
			isa = PBXSourcesBuildPhase;
			buildActionMask = 2147483647;
			files = (
			);
			runOnlyForDeploymentPostprocessing = 0;
		};
/* End PBXSourcesBuildPhase section */

/* Begin PBXTargetDependency section */
		0D9D87442E366204003590FA /* PBXTargetDependency */ = {
			isa = PBXTargetDependency;
			target = 0D9D87352E366204003590FA /* HabitTrackerWatch Watch App */;
			targetProxy = 0D9D87432E366204003590FA /* PBXContainerItemProxy */;
		};
		0D9D874E2E366204003590FA /* PBXTargetDependency */ = {
			isa = PBXTargetDependency;
			target = 0D9D87352E366204003590FA /* HabitTrackerWatch Watch App */;
			targetProxy = 0D9D874D2E366204003590FA /* PBXContainerItemProxy */;
		};
		0D9D87552E366204003590FA /* PBXTargetDependency */ = {
			isa = PBXTargetDependency;
			target = 0D9D87352E366204003590FA /* HabitTrackerWatch Watch App */;
			targetProxy = 0D9D87542E366204003590FA /* PBXContainerItemProxy */;
		};
		8B41F65E2DEDD0D6001A66F9 /* PBXTargetDependency */ = {
			isa = PBXTargetDependency;
			target = 8B41F6442DEDD0D5001A66F9 /* HabitTracker */;
			targetProxy = 8B41F65D2DEDD0D6001A66F9 /* PBXContainerItemProxy */;
		};
/* End PBXTargetDependency section */

/* Begin XCBuildConfiguration section */
		0D9D87582E366204003590FA /* Debug */ = {
			isa = XCBuildConfiguration;
			buildSettings = {
				ASSETCATALOG_COMPILER_APPICON_NAME = AppIcon;
				ASSETCATALOG_COMPILER_GLOBAL_ACCENT_COLOR_NAME = AccentColor;
				CODE_SIGN_STYLE = Automatic;
				CURRENT_PROJECT_VERSION = 1;
				DEVELOPMENT_TEAM = 4389UPKT9V;
				ENABLE_PREVIEWS = YES;
				GENERATE_INFOPLIST_FILE = YES;
				INFOPLIST_KEY_CFBundleDisplayName = HabitTrackerWatch;
				INFOPLIST_KEY_UISupportedInterfaceOrientations = "UIInterfaceOrientationPortrait UIInterfaceOrientationPortraitUpsideDown";
				INFOPLIST_KEY_WKCompanionAppBundleIdentifier = com.tigrerol.habittracker;
				LD_RUNPATH_SEARCH_PATHS = (
					"$(inherited)",
					"@executable_path/Frameworks",
				);
				MARKETING_VERSION = 1.0;
				PRODUCT_BUNDLE_IDENTIFIER = com.tigrerol.habittracker.watchkitapp;
				PRODUCT_NAME = "$(TARGET_NAME)";
				SDKROOT = watchos;
				SKIP_INSTALL = YES;
				SWIFT_EMIT_LOC_STRINGS = YES;
				SWIFT_VERSION = 5.0;
				TARGETED_DEVICE_FAMILY = 4;
				WATCHOS_DEPLOYMENT_TARGET = 11.5;
			};
			name = Debug;
		};
		0D9D87592E366204003590FA /* Release */ = {
			isa = XCBuildConfiguration;
			buildSettings = {
				ASSETCATALOG_COMPILER_APPICON_NAME = AppIcon;
				ASSETCATALOG_COMPILER_GLOBAL_ACCENT_COLOR_NAME = AccentColor;
				CODE_SIGN_STYLE = Automatic;
				CURRENT_PROJECT_VERSION = 1;
				DEVELOPMENT_TEAM = 4389UPKT9V;
				ENABLE_PREVIEWS = YES;
				GENERATE_INFOPLIST_FILE = YES;
				INFOPLIST_KEY_CFBundleDisplayName = HabitTrackerWatch;
				INFOPLIST_KEY_UISupportedInterfaceOrientations = "UIInterfaceOrientationPortrait UIInterfaceOrientationPortraitUpsideDown";
				INFOPLIST_KEY_WKCompanionAppBundleIdentifier = com.tigrerol.habittracker;
				LD_RUNPATH_SEARCH_PATHS = (
					"$(inherited)",
					"@executable_path/Frameworks",
				);
				MARKETING_VERSION = 1.0;
				PRODUCT_BUNDLE_IDENTIFIER = com.tigrerol.habittracker.watchkitapp;
				PRODUCT_NAME = "$(TARGET_NAME)";
				SDKROOT = watchos;
				SKIP_INSTALL = YES;
				SWIFT_EMIT_LOC_STRINGS = YES;
				SWIFT_VERSION = 5.0;
				TARGETED_DEVICE_FAMILY = 4;
				WATCHOS_DEPLOYMENT_TARGET = 11.5;
			};
			name = Release;
		};
		0D9D875A2E366204003590FA /* Debug */ = {
			isa = XCBuildConfiguration;
			buildSettings = {
				BUNDLE_LOADER = "$(TEST_HOST)";
				CODE_SIGN_STYLE = Automatic;
				CURRENT_PROJECT_VERSION = 1;
				DEVELOPMENT_TEAM = 4389UPKT9V;
				GENERATE_INFOPLIST_FILE = YES;
				MARKETING_VERSION = 1.0;
				PRODUCT_BUNDLE_IDENTIFIER = "com.tigrerol.HabitTracker.HabitTrackerWatch-Watch-AppTests";
				PRODUCT_NAME = "$(TARGET_NAME)";
				SDKROOT = watchos;
				SWIFT_EMIT_LOC_STRINGS = NO;
				SWIFT_VERSION = 5.0;
				TARGETED_DEVICE_FAMILY = 4;
				TEST_HOST = "$(BUILT_PRODUCTS_DIR)/HabitTrackerWatch Watch App.app/$(BUNDLE_EXECUTABLE_FOLDER_PATH)/HabitTrackerWatch Watch App";
				WATCHOS_DEPLOYMENT_TARGET = 11.5;
			};
			name = Debug;
		};
		0D9D875B2E366204003590FA /* Release */ = {
			isa = XCBuildConfiguration;
			buildSettings = {
				BUNDLE_LOADER = "$(TEST_HOST)";
				CODE_SIGN_STYLE = Automatic;
				CURRENT_PROJECT_VERSION = 1;
				DEVELOPMENT_TEAM = 4389UPKT9V;
				GENERATE_INFOPLIST_FILE = YES;
				MARKETING_VERSION = 1.0;
				PRODUCT_BUNDLE_IDENTIFIER = "com.tigrerol.HabitTracker.HabitTrackerWatch-Watch-AppTests";
				PRODUCT_NAME = "$(TARGET_NAME)";
				SDKROOT = watchos;
				SWIFT_EMIT_LOC_STRINGS = NO;
				SWIFT_VERSION = 5.0;
				TARGETED_DEVICE_FAMILY = 4;
				TEST_HOST = "$(BUILT_PRODUCTS_DIR)/HabitTrackerWatch Watch App.app/$(BUNDLE_EXECUTABLE_FOLDER_PATH)/HabitTrackerWatch Watch App";
				WATCHOS_DEPLOYMENT_TARGET = 11.5;
			};
			name = Release;
		};
		0D9D875C2E366204003590FA /* Debug */ = {
			isa = XCBuildConfiguration;
			buildSettings = {
				CODE_SIGN_STYLE = Automatic;
				CURRENT_PROJECT_VERSION = 1;
				DEVELOPMENT_TEAM = 4389UPKT9V;
				GENERATE_INFOPLIST_FILE = YES;
				MARKETING_VERSION = 1.0;
				PRODUCT_BUNDLE_IDENTIFIER = "com.tigrerol.HabitTracker.HabitTrackerWatch-Watch-AppUITests";
				PRODUCT_NAME = "$(TARGET_NAME)";
				SDKROOT = watchos;
				SWIFT_EMIT_LOC_STRINGS = NO;
				SWIFT_VERSION = 5.0;
				TARGETED_DEVICE_FAMILY = 4;
				TEST_TARGET_NAME = "HabitTrackerWatch Watch App";
				WATCHOS_DEPLOYMENT_TARGET = 11.5;
			};
			name = Debug;
		};
		0D9D875D2E366204003590FA /* Release */ = {
			isa = XCBuildConfiguration;
			buildSettings = {
				CODE_SIGN_STYLE = Automatic;
				CURRENT_PROJECT_VERSION = 1;
				DEVELOPMENT_TEAM = 4389UPKT9V;
				GENERATE_INFOPLIST_FILE = YES;
				MARKETING_VERSION = 1.0;
				PRODUCT_BUNDLE_IDENTIFIER = "com.tigrerol.HabitTracker.HabitTrackerWatch-Watch-AppUITests";
				PRODUCT_NAME = "$(TARGET_NAME)";
				SDKROOT = watchos;
				SWIFT_EMIT_LOC_STRINGS = NO;
				SWIFT_VERSION = 5.0;
				TARGETED_DEVICE_FAMILY = 4;
				TEST_TARGET_NAME = "HabitTrackerWatch Watch App";
				WATCHOS_DEPLOYMENT_TARGET = 11.5;
			};
			name = Release;
		};
		8B41F6642DEDD0D6001A66F9 /* Debug */ = {
			isa = XCBuildConfiguration;
			buildSettings = {
				ALWAYS_SEARCH_USER_PATHS = NO;
				ASSETCATALOG_COMPILER_GENERATE_SWIFT_ASSET_SYMBOL_EXTENSIONS = YES;
				CLANG_ANALYZER_NONNULL = YES;
				CLANG_ANALYZER_NUMBER_OBJECT_CONVERSION = YES_AGGRESSIVE;
				CLANG_CXX_LANGUAGE_STANDARD = "gnu++20";
				CLANG_ENABLE_MODULES = YES;
				CLANG_ENABLE_OBJC_ARC = YES;
				CLANG_ENABLE_OBJC_WEAK = YES;
				CLANG_WARN_BLOCK_CAPTURE_AUTORELEASING = YES;
				CLANG_WARN_BOOL_CONVERSION = YES;
				CLANG_WARN_COMMA = YES;
				CLANG_WARN_CONSTANT_CONVERSION = YES;
				CLANG_WARN_DEPRECATED_OBJC_IMPLEMENTATIONS = YES;
				CLANG_WARN_DIRECT_OBJC_ISA_USAGE = YES_ERROR;
				CLANG_WARN_DOCUMENTATION_COMMENTS = YES;
				CLANG_WARN_EMPTY_BODY = YES;
				CLANG_WARN_ENUM_CONVERSION = YES;
				CLANG_WARN_INFINITE_RECURSION = YES;
				CLANG_WARN_INT_CONVERSION = YES;
				CLANG_WARN_NON_LITERAL_NULL_CONVERSION = YES;
				CLANG_WARN_OBJC_IMPLICIT_RETAIN_SELF = YES;
				CLANG_WARN_OBJC_LITERAL_CONVERSION = YES;
				CLANG_WARN_OBJC_ROOT_CLASS = YES_ERROR;
				CLANG_WARN_QUOTED_INCLUDE_IN_FRAMEWORK_HEADER = YES;
				CLANG_WARN_RANGE_LOOP_ANALYSIS = YES;
				CLANG_WARN_STRICT_PROTOTYPES = YES;
				CLANG_WARN_SUSPICIOUS_MOVE = YES;
				CLANG_WARN_UNGUARDED_AVAILABILITY = YES_AGGRESSIVE;
				CLANG_WARN_UNREACHABLE_CODE = YES;
				CLANG_WARN__DUPLICATE_METHOD_MATCH = YES;
				COPY_PHASE_STRIP = NO;
				DEBUG_INFORMATION_FORMAT = dwarf;
				ENABLE_STRICT_OBJC_MSGSEND = YES;
				ENABLE_TESTABILITY = YES;
				ENABLE_USER_SCRIPT_SANDBOXING = YES;
				GCC_C_LANGUAGE_STANDARD = gnu17;
				GCC_DYNAMIC_NO_PIC = NO;
				GCC_NO_COMMON_BLOCKS = YES;
				GCC_OPTIMIZATION_LEVEL = 0;
				GCC_PREPROCESSOR_DEFINITIONS = (
					"DEBUG=1",
					"$(inherited)",
				);
				GCC_WARN_64_TO_32_BIT_CONVERSION = YES;
				GCC_WARN_ABOUT_RETURN_TYPE = YES_ERROR;
				GCC_WARN_UNDECLARED_SELECTOR = YES;
				GCC_WARN_UNINITIALIZED_AUTOS = YES_AGGRESSIVE;
				GCC_WARN_UNUSED_FUNCTION = YES;
				GCC_WARN_UNUSED_VARIABLE = YES;
				IPHONEOS_DEPLOYMENT_TARGET = 18.4;
				LOCALIZATION_PREFERS_STRING_CATALOGS = YES;
				MTL_ENABLE_DEBUG_INFO = INCLUDE_SOURCE;
				MTL_FAST_MATH = YES;
				ONLY_ACTIVE_ARCH = YES;
				SDKROOT = iphoneos;
				SWIFT_ACTIVE_COMPILATION_CONDITIONS = "DEBUG $(inherited)";
				SWIFT_OPTIMIZATION_LEVEL = "-Onone";
				SWIFT_VERSION = 5.0;
			};
			name = Debug;
		};
		8B41F6652DEDD0D6001A66F9 /* Release */ = {
			isa = XCBuildConfiguration;
			buildSettings = {
				ALWAYS_SEARCH_USER_PATHS = NO;
				ASSETCATALOG_COMPILER_GENERATE_SWIFT_ASSET_SYMBOL_EXTENSIONS = YES;
				CLANG_ANALYZER_NONNULL = YES;
				CLANG_ANALYZER_NUMBER_OBJECT_CONVERSION = YES_AGGRESSIVE;
				CLANG_CXX_LANGUAGE_STANDARD = "gnu++20";
				CLANG_ENABLE_MODULES = YES;
				CLANG_ENABLE_OBJC_ARC = YES;
				CLANG_ENABLE_OBJC_WEAK = YES;
				CLANG_WARN_BLOCK_CAPTURE_AUTORELEASING = YES;
				CLANG_WARN_BOOL_CONVERSION = YES;
				CLANG_WARN_COMMA = YES;
				CLANG_WARN_CONSTANT_CONVERSION = YES;
				CLANG_WARN_DEPRECATED_OBJC_IMPLEMENTATIONS = YES;
				CLANG_WARN_DIRECT_OBJC_ISA_USAGE = YES_ERROR;
				CLANG_WARN_DOCUMENTATION_COMMENTS = YES;
				CLANG_WARN_EMPTY_BODY = YES;
				CLANG_WARN_ENUM_CONVERSION = YES;
				CLANG_WARN_INFINITE_RECURSION = YES;
				CLANG_WARN_INT_CONVERSION = YES;
				CLANG_WARN_NON_LITERAL_NULL_CONVERSION = YES;
				CLANG_WARN_OBJC_IMPLICIT_RETAIN_SELF = YES;
				CLANG_WARN_OBJC_LITERAL_CONVERSION = YES;
				CLANG_WARN_OBJC_ROOT_CLASS = YES_ERROR;
				CLANG_WARN_QUOTED_INCLUDE_IN_FRAMEWORK_HEADER = YES;
				CLANG_WARN_RANGE_LOOP_ANALYSIS = YES;
				CLANG_WARN_STRICT_PROTOTYPES = YES;
				CLANG_WARN_SUSPICIOUS_MOVE = YES;
				CLANG_WARN_UNGUARDED_AVAILABILITY = YES_AGGRESSIVE;
				CLANG_WARN_UNREACHABLE_CODE = YES;
				CLANG_WARN__DUPLICATE_METHOD_MATCH = YES;
				COPY_PHASE_STRIP = NO;
				DEBUG_INFORMATION_FORMAT = "dwarf-with-dsym";
				ENABLE_NS_ASSERTIONS = NO;
				ENABLE_STRICT_OBJC_MSGSEND = YES;
				ENABLE_USER_SCRIPT_SANDBOXING = YES;
				GCC_C_LANGUAGE_STANDARD = gnu17;
				GCC_NO_COMMON_BLOCKS = YES;
				GCC_WARN_64_TO_32_BIT_CONVERSION = YES;
				GCC_WARN_ABOUT_RETURN_TYPE = YES_ERROR;
				GCC_WARN_UNDECLARED_SELECTOR = YES;
				GCC_WARN_UNINITIALIZED_AUTOS = YES_AGGRESSIVE;
				GCC_WARN_UNUSED_FUNCTION = YES;
				GCC_WARN_UNUSED_VARIABLE = YES;
				IPHONEOS_DEPLOYMENT_TARGET = 18.4;
				LOCALIZATION_PREFERS_STRING_CATALOGS = YES;
				MTL_ENABLE_DEBUG_INFO = NO;
				MTL_FAST_MATH = YES;
				SDKROOT = iphoneos;
				SWIFT_COMPILATION_MODE = wholemodule;
				SWIFT_VERSION = 5.0;
				VALIDATE_PRODUCT = YES;
			};
			name = Release;
		};
		8B41F6672DEDD0D6001A66F9 /* Debug */ = {
			isa = XCBuildConfiguration;
			baseConfigurationReferenceAnchor = 8BD71C052DEE41D800CEDD92 /* Config */;
			baseConfigurationReferenceRelativePath = Debug.xcconfig;
			buildSettings = {
				ASSETCATALOG_COMPILER_APPICON_NAME = AppIcon;
				ASSETCATALOG_COMPILER_GLOBAL_ACCENT_COLOR_NAME = AccentColor;
				CODE_SIGN_STYLE = Automatic;
				CURRENT_PROJECT_VERSION = 1;
				DEVELOPMENT_TEAM = 4389UPKT9V;
				ENABLE_PREVIEWS = YES;
				GENERATE_INFOPLIST_FILE = YES;
				INFOPLIST_KEY_CFBundleDisplayName = HabitTracker;
				INFOPLIST_KEY_NSLocationAlwaysUsageDescription = "HabitTracker uses your location to automatically select the best routine for your current context, even when the app is in the background";
				INFOPLIST_KEY_NSLocationWhenInUseUsageDescription = "HabitTracker uses your location to automatically select the best routine for your current context (home, office, etc.)";
				INFOPLIST_KEY_UIApplicationSceneManifest_Generation = YES;
				INFOPLIST_KEY_UIApplicationSupportsIndirectInputEvents = YES;
				INFOPLIST_KEY_UILaunchScreen_Generation = YES;
				INFOPLIST_KEY_UISupportedInterfaceOrientations = "UIInterfaceOrientationLandscapeRight UIInterfaceOrientationLandscapeLeft UIInterfaceOrientationPortrait";
				INFOPLIST_KEY_UISupportedInterfaceOrientations_iPad = "UIInterfaceOrientationLandscapeRight UIInterfaceOrientationLandscapeLeft UIInterfaceOrientationPortrait UIInterfaceOrientationPortraitUpsideDown";
				LD_RUNPATH_SEARCH_PATHS = (
					"$(inherited)",
					"@executable_path/Frameworks",
				);
				PRODUCT_BUNDLE_IDENTIFIER = com.tigrerol.habittracker;
				SWIFT_EMIT_LOC_STRINGS = YES;
				SWIFT_VERSION = 5.0;
				TARGETED_DEVICE_FAMILY = "1,2";
				VERSIONING_SYSTEM = "apple-generic";
				VERSION_INFO_EXPORT_DECL = "";
			};
			name = Debug;
		};
		8B41F6682DEDD0D6001A66F9 /* Release */ = {
			isa = XCBuildConfiguration;
			baseConfigurationReferenceAnchor = 8BD71C052DEE41D800CEDD92 /* Config */;
			baseConfigurationReferenceRelativePath = Release.xcconfig;
			buildSettings = {
				ASSETCATALOG_COMPILER_APPICON_NAME = AppIcon;
				ASSETCATALOG_COMPILER_GLOBAL_ACCENT_COLOR_NAME = AccentColor;
				CODE_SIGN_STYLE = Automatic;
				CURRENT_PROJECT_VERSION = 1;
				DEVELOPMENT_TEAM = 4389UPKT9V;
				ENABLE_PREVIEWS = YES;
				GENERATE_INFOPLIST_FILE = YES;
				INFOPLIST_KEY_CFBundleDisplayName = HabitTracker;
				INFOPLIST_KEY_NSLocationAlwaysUsageDescription = "HabitTracker uses your location to automatically select the best routine for your current context, even when the app is in the background";
				INFOPLIST_KEY_NSLocationWhenInUseUsageDescription = "HabitTracker uses your location to automatically select the best routine for your current context (home, office, etc.)";
				INFOPLIST_KEY_UIApplicationSceneManifest_Generation = YES;
				INFOPLIST_KEY_UIApplicationSupportsIndirectInputEvents = YES;
				INFOPLIST_KEY_UILaunchScreen_Generation = YES;
				INFOPLIST_KEY_UISupportedInterfaceOrientations = "UIInterfaceOrientationLandscapeRight UIInterfaceOrientationLandscapeLeft UIInterfaceOrientationPortrait";
				INFOPLIST_KEY_UISupportedInterfaceOrientations_iPad = "UIInterfaceOrientationLandscapeRight UIInterfaceOrientationLandscapeLeft UIInterfaceOrientationPortrait UIInterfaceOrientationPortraitUpsideDown";
				LD_RUNPATH_SEARCH_PATHS = (
					"$(inherited)",
					"@executable_path/Frameworks",
				);
				ONLY_ACTIVE_ARCH = YES;
				PRODUCT_BUNDLE_IDENTIFIER = com.tigrerol.habittracker;
				SWIFT_EMIT_LOC_STRINGS = YES;
				SWIFT_VERSION = 5.0;
				TARGETED_DEVICE_FAMILY = "1,2";
				VERSIONING_SYSTEM = "apple-generic";
				VERSION_INFO_EXPORT_DECL = "";
			};
			name = Release;
		};
		8B41F66D2DEDD0D6001A66F9 /* Debug */ = {
			isa = XCBuildConfiguration;
			baseConfigurationReferenceAnchor = 8BD71C052DEE41D800CEDD92 /* Config */;
			baseConfigurationReferenceRelativePath = Tests.xcconfig;
			buildSettings = {
				CODE_SIGN_STYLE = Automatic;
				GENERATE_INFOPLIST_FILE = YES;
				SWIFT_EMIT_LOC_STRINGS = NO;
				SWIFT_VERSION = 5.0;
				TARGETED_DEVICE_FAMILY = "1,2";
				TEST_TARGET_NAME = HabitTracker;
			};
			name = Debug;
		};
		8B41F66E2DEDD0D6001A66F9 /* Release */ = {
			isa = XCBuildConfiguration;
			baseConfigurationReferenceAnchor = 8BD71C052DEE41D800CEDD92 /* Config */;
			baseConfigurationReferenceRelativePath = Tests.xcconfig;
			buildSettings = {
				CODE_SIGN_STYLE = Automatic;
				GENERATE_INFOPLIST_FILE = YES;
				SWIFT_EMIT_LOC_STRINGS = NO;
				SWIFT_VERSION = 5.0;
				TARGETED_DEVICE_FAMILY = "1,2";
				TEST_TARGET_NAME = HabitTracker;
			};
			name = Release;
		};
/* End XCBuildConfiguration section */

/* Begin XCConfigurationList section */
		0D9D875E2E366204003590FA /* Build configuration list for PBXNativeTarget "HabitTrackerWatch Watch App" */ = {
			isa = XCConfigurationList;
			buildConfigurations = (
				0D9D87582E366204003590FA /* Debug */,
				0D9D87592E366204003590FA /* Release */,
			);
			defaultConfigurationIsVisible = 0;
			defaultConfigurationName = Release;
		};
		0D9D875F2E366204003590FA /* Build configuration list for PBXNativeTarget "HabitTrackerWatch Watch AppTests" */ = {
			isa = XCConfigurationList;
			buildConfigurations = (
				0D9D875A2E366204003590FA /* Debug */,
				0D9D875B2E366204003590FA /* Release */,
			);
			defaultConfigurationIsVisible = 0;
			defaultConfigurationName = Release;
		};
		0D9D87602E366204003590FA /* Build configuration list for PBXNativeTarget "HabitTrackerWatch Watch AppUITests" */ = {
			isa = XCConfigurationList;
			buildConfigurations = (
				0D9D875C2E366204003590FA /* Debug */,
				0D9D875D2E366204003590FA /* Release */,
			);
			defaultConfigurationIsVisible = 0;
			defaultConfigurationName = Release;
		};
		8B41F6402DEDD0D5001A66F9 /* Build configuration list for PBXProject "HabitTracker" */ = {
			isa = XCConfigurationList;
			buildConfigurations = (
				8B41F6642DEDD0D6001A66F9 /* Debug */,
				8B41F6652DEDD0D6001A66F9 /* Release */,
			);
			defaultConfigurationIsVisible = 0;
			defaultConfigurationName = Release;
		};
		8B41F6662DEDD0D6001A66F9 /* Build configuration list for PBXNativeTarget "HabitTracker" */ = {
			isa = XCConfigurationList;
			buildConfigurations = (
				8B41F6672DEDD0D6001A66F9 /* Debug */,
				8B41F6682DEDD0D6001A66F9 /* Release */,
			);
			defaultConfigurationIsVisible = 0;
			defaultConfigurationName = Release;
		};
		8B41F66C2DEDD0D6001A66F9 /* Build configuration list for PBXNativeTarget "HabitTrackerUITests" */ = {
			isa = XCConfigurationList;
			buildConfigurations = (
				8B41F66D2DEDD0D6001A66F9 /* Debug */,
				8B41F66E2DEDD0D6001A66F9 /* Release */,
			);
			defaultConfigurationIsVisible = 0;
			defaultConfigurationName = Release;
		};
/* End XCConfigurationList section */

/* Begin XCLocalSwiftPackageReference section */
		0D9D871E2E353C8E003590FA /* XCLocalSwiftPackageReference "HabitTrackerPackage" */ = {
			isa = XCLocalSwiftPackageReference;
			relativePath = HabitTrackerPackage;
		};
/* End XCLocalSwiftPackageReference section */

/* Begin XCSwiftPackageProductDependency section */
		0D9D871F2E353C8E003590FA /* HabitTrackerFeature */ = {
			isa = XCSwiftPackageProductDependency;
			productName = HabitTrackerFeature;
		};
		8B41F6822DEDD23B001A66F9 /* HabitTrackerFeature */ = {
			isa = XCSwiftPackageProductDependency;
			productName = HabitTrackerFeature;
		};
		8B41F6842DEDD25C001A66F9 /* HabitTrackerFeature */ = {
			isa = XCSwiftPackageProductDependency;
			productName = HabitTrackerFeature;
		};
/* End XCSwiftPackageProductDependency section */
	};
	rootObject = 8B41F63D2DEDD0D5001A66F9 /* Project object */;
}
